
Microsoft Visual Studio Solution File, Format Version 12.00
# Visual Studio Version 16
VisualStudioVersion = 16.0.31605.320
MinimumVisualStudioVersion = 10.0.40219.1
Project("{FAE04EC0-301F-11D3-BF4B-00C04F79EFBC}") = "ExercicioURI1008", "ExercicioURI1008\ExercicioURI1008.csproj", "{B61AA70D-2505-4B8F-85E3-3FD2598AA6EF}"
EndProject
Global
	GlobalSection(SolutionConfigurationPlatforms) = preSolution
		Debug|Any CPU = Debug|Any CPU
		Release|Any CPU = Release|Any CPU
	EndGlobalSection
	GlobalSection(ProjectConfigurationPlatforms) = postSolution
		{B61AA70D-2505-4B8F-85E3-3FD2598AA6EF}.Debug|Any CPU.ActiveCfg = Debug|Any CPU
		{B61AA70D-2505-4B8F-85E3-3FD2598AA6EF}.Debug|Any CPU.Build.0 = Debug|Any CPU
		{B61AA70D-2505-4B8F-85E3-3FD2598AA6EF}.Release|Any CPU.ActiveCfg = Release|Any CPU
		{B61AA70D-2505-4B8F-85E3-3FD2598AA6EF}.Release|Any CPU.Build.0 = Release|Any CPU
	EndGlobalSection
	GlobalSection(SolutionProperties) = preSolution
		HideSolutionNode = FALSE
	EndGlobalSection
	GlobalSection(ExtensibilityGlobals) = postSolution
		SolutionGuid = {69FB59FD-4F65-401F-A428-3F0E695C5561}
	EndGlobalSection
EndGlobal
